
Microsoft Visual Studio Solution File, Format Version 12.00
# Visual Studio Version 16
VisualStudioVersion = 16.0.32602.291
MinimumVisualStudioVersion = 10.0.40219.1
Project("{FAE04EC0-301F-11D3-BF4B-00C04F79EFBC}") = "ObjectLifeTime", "ObjectLifeTime\ObjectLifeTime.csproj", "{07E4EE89-5314-4BAD-8B01-00EFC23F7C57}"
EndProject
Global
	GlobalSection(SolutionConfigurationPlatforms) = preSolution
		Debug|Any CPU = Debug|Any CPU
		Release|Any CPU = Release|Any CPU
	EndGlobalSection
	GlobalSection(ProjectConfigurationPlatforms) = postSolution
		{07E4EE89-5314-4BAD-8B01-00EFC23F7C57}.Debug|Any CPU.ActiveCfg = Debug|Any CPU
		{07E4EE89-5314-4BAD-8B01-00EFC23F7C57}.Debug|Any CPU.Build.0 = Debug|Any CPU
		{07E4EE89-5314-4BAD-8B01-00EFC23F7C57}.Release|Any CPU.ActiveCfg = Release|Any CPU
		{07E4EE89-5314-4BAD-8B01-00EFC23F7C57}.Release|Any CPU.Build.0 = Release|Any CPU
	EndGlobalSection
	GlobalSection(SolutionProperties) = preSolution
		HideSolutionNode = FALSE
	EndGlobalSection
	GlobalSection(ExtensibilityGlobals) = postSolution
		SolutionGuid = {26272B72-A5C9-41BF-BDC8-A1FBB58B4DCA}
	EndGlobalSection
EndGlobal
