
Microsoft Visual Studio Solution File, Format Version 12.00
# Visual Studio Version 16
VisualStudioVersion = 16.0.32602.291
MinimumVisualStudioVersion = 10.0.40219.1
Project("{FAE04EC0-301F-11D3-BF4B-00C04F79EFBC}") = "UnderstandingLinQ", "UnderstandingLinQ\UnderstandingLinQ.csproj", "{18E20D37-01D4-4AD2-A852-6753069D426C}"
EndProject
Global
	GlobalSection(SolutionConfigurationPlatforms) = preSolution
		Debug|Any CPU = Debug|Any CPU
		Release|Any CPU = Release|Any CPU
	EndGlobalSection
	GlobalSection(ProjectConfigurationPlatforms) = postSolution
		{18E20D37-01D4-4AD2-A852-6753069D426C}.Debug|Any CPU.ActiveCfg = Debug|Any CPU
		{18E20D37-01D4-4AD2-A852-6753069D426C}.Debug|Any CPU.Build.0 = Debug|Any CPU
		{18E20D37-01D4-4AD2-A852-6753069D426C}.Release|Any CPU.ActiveCfg = Release|Any CPU
		{18E20D37-01D4-4AD2-A852-6753069D426C}.Release|Any CPU.Build.0 = Release|Any CPU
	EndGlobalSection
	GlobalSection(SolutionProperties) = preSolution
		HideSolutionNode = FALSE
	EndGlobalSection
	GlobalSection(ExtensibilityGlobals) = postSolution
		SolutionGuid = {8E6DE6AF-0D22-46D5-AD15-3B571FAA4EB2}
	EndGlobalSection
EndGlobal
