
Microsoft Visual Studio Solution File, Format Version 12.00
# Visual Studio Version 16
VisualStudioVersion = 16.0.32602.291
MinimumVisualStudioVersion = 10.0.40219.1
Project("{FAE04EC0-301F-11D3-BF4B-00C04F79EFBC}") = "Question", "Question\Question.csproj", "{F537E36A-AD8E-40D4-8AED-313838A756F3}"
EndProject
Global
	GlobalSection(SolutionConfigurationPlatforms) = preSolution
		Debug|Any CPU = Debug|Any CPU
		Release|Any CPU = Release|Any CPU
	EndGlobalSection
	GlobalSection(ProjectConfigurationPlatforms) = postSolution
		{F537E36A-AD8E-40D4-8AED-313838A756F3}.Debug|Any CPU.ActiveCfg = Debug|Any CPU
		{F537E36A-AD8E-40D4-8AED-313838A756F3}.Debug|Any CPU.Build.0 = Debug|Any CPU
		{F537E36A-AD8E-40D4-8AED-313838A756F3}.Release|Any CPU.ActiveCfg = Release|Any CPU
		{F537E36A-AD8E-40D4-8AED-313838A756F3}.Release|Any CPU.Build.0 = Release|Any CPU
	EndGlobalSection
	GlobalSection(SolutionProperties) = preSolution
		HideSolutionNode = FALSE
	EndGlobalSection
	GlobalSection(ExtensibilityGlobals) = postSolution
		SolutionGuid = {C2AC9131-AE52-47D8-8237-2044F5F27EE5}
	EndGlobalSection
EndGlobal
