
Microsoft Visual Studio Solution File, Format Version 12.00
# Visual Studio Version 16
VisualStudioVersion = 16.0.32602.291
MinimumVisualStudioVersion = 10.0.40219.1
Project("{FAE04EC0-301F-11D3-BF4B-00C04F79EFBC}") = "LoopPattern", "LoopPattern\LoopPattern.csproj", "{E185364D-36F8-43B5-90E9-A6F2777C51D7}"
EndProject
Global
	GlobalSection(SolutionConfigurationPlatforms) = preSolution
		Debug|Any CPU = Debug|Any CPU
		Release|Any CPU = Release|Any CPU
	EndGlobalSection
	GlobalSection(ProjectConfigurationPlatforms) = postSolution
		{E185364D-36F8-43B5-90E9-A6F2777C51D7}.Debug|Any CPU.ActiveCfg = Debug|Any CPU
		{E185364D-36F8-43B5-90E9-A6F2777C51D7}.Debug|Any CPU.Build.0 = Debug|Any CPU
		{E185364D-36F8-43B5-90E9-A6F2777C51D7}.Release|Any CPU.ActiveCfg = Release|Any CPU
		{E185364D-36F8-43B5-90E9-A6F2777C51D7}.Release|Any CPU.Build.0 = Release|Any CPU
	EndGlobalSection
	GlobalSection(SolutionProperties) = preSolution
		HideSolutionNode = FALSE
	EndGlobalSection
	GlobalSection(ExtensibilityGlobals) = postSolution
		SolutionGuid = {2ADE9A39-C872-4915-82BB-5A1FCD93F916}
	EndGlobalSection
EndGlobal
