
Microsoft Visual Studio Solution File, Format Version 12.00
# Visual Studio Version 16
VisualStudioVersion = 16.0.32602.291
MinimumVisualStudioVersion = 10.0.40219.1
Project("{FAE04EC0-301F-11D3-BF4B-00C04F79EFBC}") = "Decisions", "Decisions\Decisions.csproj", "{2CFCE5C6-0916-4EA2-99F0-8FAE68C7E14B}"
EndProject
Global
	GlobalSection(SolutionConfigurationPlatforms) = preSolution
		Debug|Any CPU = Debug|Any CPU
		Release|Any CPU = Release|Any CPU
	EndGlobalSection
	GlobalSection(ProjectConfigurationPlatforms) = postSolution
		{2CFCE5C6-0916-4EA2-99F0-8FAE68C7E14B}.Debug|Any CPU.ActiveCfg = Debug|Any CPU
		{2CFCE5C6-0916-4EA2-99F0-8FAE68C7E14B}.Debug|Any CPU.Build.0 = Debug|Any CPU
		{2CFCE5C6-0916-4EA2-99F0-8FAE68C7E14B}.Release|Any CPU.ActiveCfg = Release|Any CPU
		{2CFCE5C6-0916-4EA2-99F0-8FAE68C7E14B}.Release|Any CPU.Build.0 = Release|Any CPU
	EndGlobalSection
	GlobalSection(SolutionProperties) = preSolution
		HideSolutionNode = FALSE
	EndGlobalSection
	GlobalSection(ExtensibilityGlobals) = postSolution
		SolutionGuid = {D6D86925-FAB6-41F4-83FB-E1C8B774FDE4}
	EndGlobalSection
EndGlobal
