
Microsoft Visual Studio Solution File, Format Version 12.00
# Visual Studio Version 16
VisualStudioVersion = 16.0.32602.291
MinimumVisualStudioVersion = 10.0.40219.1
Project("{FAE04EC0-301F-11D3-BF4B-00C04F79EFBC}") = "ArrayUnderstanding", "ArrayUnderstanding\ArrayUnderstanding.csproj", "{47B2ECE9-4BEE-4D26-95D9-DF558A255956}"
EndProject
Global
	GlobalSection(SolutionConfigurationPlatforms) = preSolution
		Debug|Any CPU = Debug|Any CPU
		Release|Any CPU = Release|Any CPU
	EndGlobalSection
	GlobalSection(ProjectConfigurationPlatforms) = postSolution
		{47B2ECE9-4BEE-4D26-95D9-DF558A255956}.Debug|Any CPU.ActiveCfg = Debug|Any CPU
		{47B2ECE9-4BEE-4D26-95D9-DF558A255956}.Debug|Any CPU.Build.0 = Debug|Any CPU
		{47B2ECE9-4BEE-4D26-95D9-DF558A255956}.Release|Any CPU.ActiveCfg = Release|Any CPU
		{47B2ECE9-4BEE-4D26-95D9-DF558A255956}.Release|Any CPU.Build.0 = Release|Any CPU
	EndGlobalSection
	GlobalSection(SolutionProperties) = preSolution
		HideSolutionNode = FALSE
	EndGlobalSection
	GlobalSection(ExtensibilityGlobals) = postSolution
		SolutionGuid = {248775A5-83E4-4301-B96A-E01474F04CF2}
	EndGlobalSection
EndGlobal
